
Microsoft Visual Studio Solution File, Format Version 12.00
# Visual Studio 15
VisualStudioVersion = 15.0.28307.421
MinimumVisualStudioVersion = 10.0.40219.1
Project("{FAE04EC0-301F-11D3-BF4B-00C04F79EFBC}") = "SpawnProtection", "SpawnProtection\SpawnProtection.csproj", "{9C44B812-8ADF-40C2-9A23-E3FCB48D14FE}"
EndProject
Global
	GlobalSection(SolutionConfigurationPlatforms) = preSolution
		Debug|Any CPU = Debug|Any CPU
		Release|Any CPU = Release|Any CPU
	EndGlobalSection
	GlobalSection(ProjectConfigurationPlatforms) = postSolution
		{9C44B812-8ADF-40C2-9A23-E3FCB48D14FE}.Debug|Any CPU.ActiveCfg = Debug|Any CPU
		{9C44B812-8ADF-40C2-9A23-E3FCB48D14FE}.Debug|Any CPU.Build.0 = Debug|Any CPU
		{9C44B812-8ADF-40C2-9A23-E3FCB48D14FE}.Release|Any CPU.ActiveCfg = Release|Any CPU
		{9C44B812-8ADF-40C2-9A23-E3FCB48D14FE}.Release|Any CPU.Build.0 = Release|Any CPU
	EndGlobalSection
	GlobalSection(SolutionProperties) = preSolution
		HideSolutionNode = FALSE
	EndGlobalSection
	GlobalSection(ExtensibilityGlobals) = postSolution
		SolutionGuid = {ED1F3D5C-AAF1-4C35-9841-09955B47F508}
	EndGlobalSection
EndGlobal
